
Microsoft Visual Studio Solution File, Format Version 12.00
# Visual Studio Version 16
VisualStudioVersion = 16.0.31702.278
MinimumVisualStudioVersion = 10.0.40219.1
Project("{9A19103F-16F7-4668-BE54-9A1E7A4F7556}") = "01ClassBoxData", "01ClassBoxData\01ClassBoxData.csproj", "{5616D1BD-003D-490A-8BCC-B4F6AC0998D7}"
EndProject
Project("{9A19103F-16F7-4668-BE54-9A1E7A4F7556}") = "02AnimalFarm", "AnimalFarm\AnimalFarm\02AnimalFarm.csproj", "{04453D7A-E5CD-4F31-AD28-C428C711174E}"
EndProject
Project("{9A19103F-16F7-4668-BE54-9A1E7A4F7556}") = "03ShoppingSpree", "03ShoppingSpree\03ShoppingSpree.csproj", "{7BAA8B33-AE7B-4AEA-8AF9-0AF216274484}"
EndProject
Project("{9A19103F-16F7-4668-BE54-9A1E7A4F7556}") = "04PizzaCalories", "04PizzaCalories\04PizzaCalories.csproj", "{1E45033F-55C8-4ABF-AE6F-106950DAABD9}"
EndProject
Project("{FAE04EC0-301F-11D3-BF4B-00C04F79EFBC}") = "05FootballTeamGenerator", "05FootballTeamGenerator\05FootballTeamGenerator.csproj", "{F261E47C-5061-4003-B4BA-A3C3DEBF949B}"
EndProject
Global
	GlobalSection(SolutionConfigurationPlatforms) = preSolution
		Debug|Any CPU = Debug|Any CPU
		Release|Any CPU = Release|Any CPU
	EndGlobalSection
	GlobalSection(ProjectConfigurationPlatforms) = postSolution
		{5616D1BD-003D-490A-8BCC-B4F6AC0998D7}.Debug|Any CPU.ActiveCfg = Debug|Any CPU
		{5616D1BD-003D-490A-8BCC-B4F6AC0998D7}.Debug|Any CPU.Build.0 = Debug|Any CPU
		{5616D1BD-003D-490A-8BCC-B4F6AC0998D7}.Release|Any CPU.ActiveCfg = Release|Any CPU
		{5616D1BD-003D-490A-8BCC-B4F6AC0998D7}.Release|Any CPU.Build.0 = Release|Any CPU
		{04453D7A-E5CD-4F31-AD28-C428C711174E}.Debug|Any CPU.ActiveCfg = Debug|Any CPU
		{04453D7A-E5CD-4F31-AD28-C428C711174E}.Debug|Any CPU.Build.0 = Debug|Any CPU
		{04453D7A-E5CD-4F31-AD28-C428C711174E}.Release|Any CPU.ActiveCfg = Release|Any CPU
		{04453D7A-E5CD-4F31-AD28-C428C711174E}.Release|Any CPU.Build.0 = Release|Any CPU
		{7BAA8B33-AE7B-4AEA-8AF9-0AF216274484}.Debug|Any CPU.ActiveCfg = Debug|Any CPU
		{7BAA8B33-AE7B-4AEA-8AF9-0AF216274484}.Debug|Any CPU.Build.0 = Debug|Any CPU
		{7BAA8B33-AE7B-4AEA-8AF9-0AF216274484}.Release|Any CPU.ActiveCfg = Release|Any CPU
		{7BAA8B33-AE7B-4AEA-8AF9-0AF216274484}.Release|Any CPU.Build.0 = Release|Any CPU
		{1E45033F-55C8-4ABF-AE6F-106950DAABD9}.Debug|Any CPU.ActiveCfg = Debug|Any CPU
		{1E45033F-55C8-4ABF-AE6F-106950DAABD9}.Debug|Any CPU.Build.0 = Debug|Any CPU
		{1E45033F-55C8-4ABF-AE6F-106950DAABD9}.Release|Any CPU.ActiveCfg = Release|Any CPU
		{1E45033F-55C8-4ABF-AE6F-106950DAABD9}.Release|Any CPU.Build.0 = Release|Any CPU
		{F261E47C-5061-4003-B4BA-A3C3DEBF949B}.Debug|Any CPU.ActiveCfg = Debug|Any CPU
		{F261E47C-5061-4003-B4BA-A3C3DEBF949B}.Debug|Any CPU.Build.0 = Debug|Any CPU
		{F261E47C-5061-4003-B4BA-A3C3DEBF949B}.Release|Any CPU.ActiveCfg = Release|Any CPU
		{F261E47C-5061-4003-B4BA-A3C3DEBF949B}.Release|Any CPU.Build.0 = Release|Any CPU
	EndGlobalSection
	GlobalSection(SolutionProperties) = preSolution
		HideSolutionNode = FALSE
	EndGlobalSection
	GlobalSection(ExtensibilityGlobals) = postSolution
		SolutionGuid = {03AF0511-F850-439B-81B5-2BC52E9899D0}
	EndGlobalSection
EndGlobal
