
Microsoft Visual Studio Solution File, Format Version 12.00
# Visual Studio Version 16
VisualStudioVersion = 16.0.31702.278
MinimumVisualStudioVersion = 10.0.40219.1
Project("{9A19103F-16F7-4668-BE54-9A1E7A4F7556}") = "PersonsInfo1", "PersonsInfo\PersonsInfo1.csproj", "{974DD824-7257-4788-82E6-9BA30E5A918A}"
EndProject
Project("{FAE04EC0-301F-11D3-BF4B-00C04F79EFBC}") = "Salary", "PersonsInfo\Salary.csproj", "{2614D83D-1E9D-450C-A8CF-F331535D61FC}"
EndProject
Project("{FAE04EC0-301F-11D3-BF4B-00C04F79EFBC}") = "PersonsInfo", "PersonsInfo\PersonsInfo.csproj", "{A4668DCE-930B-48A0-850E-AF18902EA921}"
EndProject
Global
	GlobalSection(SolutionConfigurationPlatforms) = preSolution
		Debug|Any CPU = Debug|Any CPU
		Release|Any CPU = Release|Any CPU
	EndGlobalSection
	GlobalSection(ProjectConfigurationPlatforms) = postSolution
		{974DD824-7257-4788-82E6-9BA30E5A918A}.Debug|Any CPU.ActiveCfg = Debug|Any CPU
		{974DD824-7257-4788-82E6-9BA30E5A918A}.Debug|Any CPU.Build.0 = Debug|Any CPU
		{974DD824-7257-4788-82E6-9BA30E5A918A}.Release|Any CPU.ActiveCfg = Release|Any CPU
		{974DD824-7257-4788-82E6-9BA30E5A918A}.Release|Any CPU.Build.0 = Release|Any CPU
		{2614D83D-1E9D-450C-A8CF-F331535D61FC}.Debug|Any CPU.ActiveCfg = Debug|Any CPU
		{2614D83D-1E9D-450C-A8CF-F331535D61FC}.Debug|Any CPU.Build.0 = Debug|Any CPU
		{2614D83D-1E9D-450C-A8CF-F331535D61FC}.Release|Any CPU.ActiveCfg = Release|Any CPU
		{2614D83D-1E9D-450C-A8CF-F331535D61FC}.Release|Any CPU.Build.0 = Release|Any CPU
		{A4668DCE-930B-48A0-850E-AF18902EA921}.Debug|Any CPU.ActiveCfg = Debug|Any CPU
		{A4668DCE-930B-48A0-850E-AF18902EA921}.Debug|Any CPU.Build.0 = Debug|Any CPU
		{A4668DCE-930B-48A0-850E-AF18902EA921}.Release|Any CPU.ActiveCfg = Release|Any CPU
		{A4668DCE-930B-48A0-850E-AF18902EA921}.Release|Any CPU.Build.0 = Release|Any CPU
	EndGlobalSection
	GlobalSection(SolutionProperties) = preSolution
		HideSolutionNode = FALSE
	EndGlobalSection
	GlobalSection(ExtensibilityGlobals) = postSolution
		SolutionGuid = {CB9A6E05-FA14-4CE7-B392-199042B65B42}
	EndGlobalSection
EndGlobal
